
Microsoft Visual Studio Solution File, Format Version 12.00
# Visual Studio Version 16
VisualStudioVersion = 16.0.30907.101
MinimumVisualStudioVersion = 10.0.40219.1
Project("{9A19103F-16F7-4668-BE54-9A1E7A4F7556}") = "SqlSugarFrame", "SqlSugar\SqlSugarFrame.csproj", "{D5A0A664-6588-4586-9E33-BBA945B2B1A2}"
EndProject
Project("{9A19103F-16F7-4668-BE54-9A1E7A4F7556}") = "Model", "Model\Model.csproj", "{5C4E9486-3486-4839-BFC8-C1691B5038F1}"
EndProject
Project("{9A19103F-16F7-4668-BE54-9A1E7A4F7556}") = "RedisBuffer", "RedisBuffer\RedisBuffer.csproj", "{0E361978-0D45-4FEC-99D1-4F737BC2794F}"
EndProject
Project("{9A19103F-16F7-4668-BE54-9A1E7A4F7556}") = "UI", "UI\UI.csproj", "{E711C7C2-473D-4694-9C99-F6977538C9DC}"
EndProject
Global
	GlobalSection(SolutionConfigurationPlatforms) = preSolution
		Debug|Any CPU = Debug|Any CPU
		Release|Any CPU = Release|Any CPU
	EndGlobalSection
	GlobalSection(ProjectConfigurationPlatforms) = postSolution
		{D5A0A664-6588-4586-9E33-BBA945B2B1A2}.Debug|Any CPU.ActiveCfg = Debug|Any CPU
		{D5A0A664-6588-4586-9E33-BBA945B2B1A2}.Debug|Any CPU.Build.0 = Debug|Any CPU
		{D5A0A664-6588-4586-9E33-BBA945B2B1A2}.Release|Any CPU.ActiveCfg = Release|Any CPU
		{D5A0A664-6588-4586-9E33-BBA945B2B1A2}.Release|Any CPU.Build.0 = Release|Any CPU
		{5C4E9486-3486-4839-BFC8-C1691B5038F1}.Debug|Any CPU.ActiveCfg = Debug|Any CPU
		{5C4E9486-3486-4839-BFC8-C1691B5038F1}.Debug|Any CPU.Build.0 = Debug|Any CPU
		{5C4E9486-3486-4839-BFC8-C1691B5038F1}.Release|Any CPU.ActiveCfg = Release|Any CPU
		{5C4E9486-3486-4839-BFC8-C1691B5038F1}.Release|Any CPU.Build.0 = Release|Any CPU
		{0E361978-0D45-4FEC-99D1-4F737BC2794F}.Debug|Any CPU.ActiveCfg = Debug|Any CPU
		{0E361978-0D45-4FEC-99D1-4F737BC2794F}.Debug|Any CPU.Build.0 = Debug|Any CPU
		{0E361978-0D45-4FEC-99D1-4F737BC2794F}.Release|Any CPU.ActiveCfg = Release|Any CPU
		{0E361978-0D45-4FEC-99D1-4F737BC2794F}.Release|Any CPU.Build.0 = Release|Any CPU
		{E711C7C2-473D-4694-9C99-F6977538C9DC}.Debug|Any CPU.ActiveCfg = Debug|Any CPU
		{E711C7C2-473D-4694-9C99-F6977538C9DC}.Debug|Any CPU.Build.0 = Debug|Any CPU
		{E711C7C2-473D-4694-9C99-F6977538C9DC}.Release|Any CPU.ActiveCfg = Release|Any CPU
		{E711C7C2-473D-4694-9C99-F6977538C9DC}.Release|Any CPU.Build.0 = Release|Any CPU
	EndGlobalSection
	GlobalSection(SolutionProperties) = preSolution
		HideSolutionNode = FALSE
	EndGlobalSection
	GlobalSection(ExtensibilityGlobals) = postSolution
		SolutionGuid = {C285DF5C-CA82-44CD-A704-29E89A48A894}
	EndGlobalSection
EndGlobal
